// !$*UTF8*$!
{
	archiveVersion = 1;
	classes = {
	};
	objectVersion = 51;
	objects = {

/* Begin PBXBuildFile section */
		4FF4219CBDDA7151CD455B63 /* Pods_ChatApp_2.framework in Frameworks */ = {isa = PBXBuildFile; fileRef = 04A058049784B90C7BADEA21 /* Pods_ChatApp_2.framework */; };
		738EBCDF24A75A1F006B56F5 /* AppDelegate.swift in Sources */ = {isa = PBXBuildFile; fileRef = 738EBCDE24A75A1F006B56F5 /* AppDelegate.swift */; };
		738EBCE124A75A1F006B56F5 /* SceneDelegate.swift in Sources */ = {isa = PBXBuildFile; fileRef = 738EBCE024A75A1F006B56F5 /* SceneDelegate.swift */; };
		738EBCE324A75A1F006B56F5 /* ViewController.swift in Sources */ = {isa = PBXBuildFile; fileRef = 738EBCE224A75A1F006B56F5 /* ViewController.swift */; };
		738EBCE624A75A1F006B56F5 /* Main.storyboard in Resources */ = {isa = PBXBuildFile; fileRef = 738EBCE424A75A1F006B56F5 /* Main.storyboard */; };
		738EBCE824A75A22006B56F5 /* Assets.xcassets in Resources */ = {isa = PBXBuildFile; fileRef = 738EBCE724A75A22006B56F5 /* Assets.xcassets */; };
		738EBCEB24A75A22006B56F5 /* LaunchScreen.storyboard in Resources */ = {isa = PBXBuildFile; fileRef = 738EBCE924A75A22006B56F5 /* LaunchScreen.storyboard */; };
		738EBCF624A7733A006B56F5 /* RegisterViewController.swift in Sources */ = {isa = PBXBuildFile; fileRef = 738EBCF524A7733A006B56F5 /* RegisterViewController.swift */; };
		738EBCF824A795B4006B56F5 /* ChatViewController.swift in Sources */ = {isa = PBXBuildFile; fileRef = 738EBCF724A795B4006B56F5 /* ChatViewController.swift */; };
		738EBCFA24A79692006B56F5 /* LoginViewController.swift in Sources */ = {isa = PBXBuildFile; fileRef = 738EBCF924A79692006B56F5 /* LoginViewController.swift */; };
/* End PBXBuildFile section */

/* Begin PBXFileReference section */
		04A058049784B90C7BADEA21 /* Pods_ChatApp_2.framework */ = {isa = PBXFileReference; explicitFileType = wrapper.framework; includeInIndex = 0; path = Pods_ChatApp_2.framework; sourceTree = BUILT_PRODUCTS_DIR; };
		1F854B49DF02AC5FED20AD5A /* Pods-ChatApp_2.debug.xcconfig */ = {isa = PBXFileReference; includeInIndex = 1; lastKnownFileType = text.xcconfig; name = "Pods-ChatApp_2.debug.xcconfig"; path = "Target Support Files/Pods-ChatApp_2/Pods-ChatApp_2.debug.xcconfig"; sourceTree = "<group>"; };
		738EBCDB24A75A1F006B56F5 /* ChatApp_2.app */ = {isa = PBXFileReference; explicitFileType = wrapper.application; includeInIndex = 0; path = ChatApp_2.app; sourceTree = BUILT_PRODUCTS_DIR; };
		738EBCDE24A75A1F006B56F5 /* AppDelegate.swift */ = {isa = PBXFileReference; lastKnownFileType = sourcecode.swift; path = AppDelegate.swift; sourceTree = "<group>"; };
		738EBCE024A75A1F006B56F5 /* SceneDelegate.swift */ = {isa = PBXFileReference; lastKnownFileType = sourcecode.swift; path = SceneDelegate.swift; sourceTree = "<group>"; };
		738EBCE224A75A1F006B56F5 /* ViewController.swift */ = {isa = PBXFileReference; lastKnownFileType = sourcecode.swift; path = ViewController.swift; sourceTree = "<group>"; };
		738EBCE524A75A1F006B56F5 /* Base */ = {isa = PBXFileReference; lastKnownFileType = file.storyboard; name = Base; path = Base.lproj/Main.storyboard; sourceTree = "<group>"; };
		738EBCE724A75A22006B56F5 /* Assets.xcassets */ = {isa = PBXFileReference; lastKnownFileType = folder.assetcatalog; path = Assets.xcassets; sourceTree = "<group>"; };
		738EBCEA24A75A22006B56F5 /* Base */ = {isa = PBXFileReference; lastKnownFileType = file.storyboard; name = Base; path = Base.lproj/LaunchScreen.storyboard; sourceTree = "<group>"; };
		738EBCEC24A75A22006B56F5 /* Info.plist */ = {isa = PBXFileReference; lastKnownFileType = text.plist.xml; path = Info.plist; sourceTree = "<group>"; };
		738EBCF524A7733A006B56F5 /* RegisterViewController.swift */ = {isa = PBXFileReference; lastKnownFileType = sourcecode.swift; path = RegisterViewController.swift; sourceTree = "<group>"; };
		738EBCF724A795B4006B56F5 /* ChatViewController.swift */ = {isa = PBXFileReference; lastKnownFileType = sourcecode.swift; path = ChatViewController.swift; sourceTree = "<group>"; };
		738EBCF924A79692006B56F5 /* LoginViewController.swift */ = {isa = PBXFileReference; lastKnownFileType = sourcecode.swift; path = LoginViewController.swift; sourceTree = "<group>"; };
		ABF54F97DA8307CBBFA24DBA /* Pods-ChatApp_2.release.xcconfig */ = {isa = PBXFileReference; includeInIndex = 1; lastKnownFileType = text.xcconfig; name = "Pods-ChatApp_2.release.xcconfig"; path = "Target Support Files/Pods-ChatApp_2/Pods-ChatApp_2.release.xcconfig"; sourceTree = "<group>"; };
/* End PBXFileReference section */

/* Begin PBXFrameworksBuildPhase section */
		738EBCD824A75A1F006B56F5 /* Frameworks */ = {
			isa = PBXFrameworksBuildPhase;
			buildActionMask = 2147483647;
			files = (
				4FF4219CBDDA7151CD455B63 /* Pods_ChatApp_2.framework in Frameworks */,
			);
			runOnlyForDeploymentPostprocessing = 0;
		};
/* End PBXFrameworksBuildPhase section */

/* Begin PBXGroup section */
		738EBCD224A75A1F006B56F5 = {
			isa = PBXGroup;
			children = (
				738EBCDD24A75A1F006B56F5 /* ChatApp_2 */,
				738EBCDC24A75A1F006B56F5 /* Products */,
				C6A8464FC02101536D9ACA67 /* Pods */,
				AE01F4CFAF74157A574F2B12 /* Frameworks */,
			);
			sourceTree = "<group>";
		};
		738EBCDC24A75A1F006B56F5 /* Products */ = {
			isa = PBXGroup;
			children = (
				738EBCDB24A75A1F006B56F5 /* ChatApp_2.app */,
			);
			name = Products;
			sourceTree = "<group>";
		};
		738EBCDD24A75A1F006B56F5 /* ChatApp_2 */ = {
			isa = PBXGroup;
			children = (
				738EBCF224A77179006B56F5 /* Model */,
				738EBCF324A7718C006B56F5 /* View */,
				738EBCF424A77192006B56F5 /* Controller */,
				738EBCE924A75A22006B56F5 /* LaunchScreen.storyboard */,
				738EBCEC24A75A22006B56F5 /* Info.plist */,
			);
			path = ChatApp_2;
			sourceTree = "<group>";
		};
		738EBCF224A77179006B56F5 /* Model */ = {
			isa = PBXGroup;
			children = (
			);
			path = Model;
			sourceTree = "<group>";
		};
		738EBCF324A7718C006B56F5 /* View */ = {
			isa = PBXGroup;
			children = (
				738EBCE424A75A1F006B56F5 /* Main.storyboard */,
				738EBCE724A75A22006B56F5 /* Assets.xcassets */,
			);
			path = View;
			sourceTree = "<group>";
		};
		738EBCF424A77192006B56F5 /* Controller */ = {
			isa = PBXGroup;
			children = (
				738EBCE224A75A1F006B56F5 /* ViewController.swift */,
				738EBCF524A7733A006B56F5 /* RegisterViewController.swift */,
				738EBCDE24A75A1F006B56F5 /* AppDelegate.swift */,
				738EBCE024A75A1F006B56F5 /* SceneDelegate.swift */,
				738EBCF724A795B4006B56F5 /* ChatViewController.swift */,
				738EBCF924A79692006B56F5 /* LoginViewController.swift */,
			);
			path = Controller;
			sourceTree = "<group>";
		};
		AE01F4CFAF74157A574F2B12 /* Frameworks */ = {
			isa = PBXGroup;
			children = (
				04A058049784B90C7BADEA21 /* Pods_ChatApp_2.framework */,
			);
			name = Frameworks;
			sourceTree = "<group>";
		};
		C6A8464FC02101536D9ACA67 /* Pods */ = {
			isa = PBXGroup;
			children = (
				1F854B49DF02AC5FED20AD5A /* Pods-ChatApp_2.debug.xcconfig */,
				ABF54F97DA8307CBBFA24DBA /* Pods-ChatApp_2.release.xcconfig */,
			);
			path = Pods;
			sourceTree = "<group>";
		};
/* End PBXGroup section */

/* Begin PBXNativeTarget section */
		738EBCDA24A75A1F006B56F5 /* ChatApp_2 */ = {
			isa = PBXNativeTarget;
			buildConfigurationList = 738EBCEF24A75A22006B56F5 /* Build configuration list for PBXNativeTarget "ChatApp_2" */;
			buildPhases = (
				93E1BAFBBBB303EF10315570 /* [CP] Check Pods Manifest.lock */,
				738EBCD724A75A1F006B56F5 /* Sources */,
				738EBCD824A75A1F006B56F5 /* Frameworks */,
				738EBCD924A75A1F006B56F5 /* Resources */,
				733E9ED65B5A7DF44273438F /* [CP] Embed Pods Frameworks */,
			);
			buildRules = (
			);
			dependencies = (
			);
			name = ChatApp_2;
			productName = ChatApp_2;
			productReference = 738EBCDB24A75A1F006B56F5 /* ChatApp_2.app */;
			productType = "com.apple.product-type.application";
		};
/* End PBXNativeTarget section */

/* Begin PBXProject section */
		738EBCD324A75A1F006B56F5 /* Project object */ = {
			isa = PBXProject;
			attributes = {
				LastSwiftUpdateCheck = 1150;
				LastUpgradeCheck = 1150;
				ORGANIZATIONNAME = "Eishun Sudo";
				TargetAttributes = {
					738EBCDA24A75A1F006B56F5 = {
						CreatedOnToolsVersion = 11.5;
					};
				};
			};
			buildConfigurationList = 738EBCD624A75A1F006B56F5 /* Build configuration list for PBXProject "ChatApp_2" */;
			compatibilityVersion = "Xcode 9.3";
			developmentRegion = en;
			hasScannedForEncodings = 0;
			knownRegions = (
				en,
				Base,
			);
			mainGroup = 738EBCD224A75A1F006B56F5;
			productRefGroup = 738EBCDC24A75A1F006B56F5 /* Products */;
			projectDirPath = "";
			projectRoot = "";
			targets = (
				738EBCDA24A75A1F006B56F5 /* ChatApp_2 */,
			);
		};
/* End PBXProject section */

/* Begin PBXResourcesBuildPhase section */
		738EBCD924A75A1F006B56F5 /* Resources */ = {
			isa = PBXResourcesBuildPhase;
			buildActionMask = 2147483647;
			files = (
				738EBCEB24A75A22006B56F5 /* LaunchScreen.storyboard in Resources */,
				738EBCE824A75A22006B56F5 /* Assets.xcassets in Resources */,
				738EBCE624A75A1F006B56F5 /* Main.storyboard in Resources */,
			);
			runOnlyForDeploymentPostprocessing = 0;
		};
/* End PBXResourcesBuildPhase section */

/* Begin PBXShellScriptBuildPhase section */
		733E9ED65B5A7DF44273438F /* [CP] Embed Pods Frameworks */ = {
			isa = PBXShellScriptBuildPhase;
			buildActionMask = 2147483647;
			files = (
			);
			inputFileListPaths = (
				"${PODS_ROOT}/Target Support Files/Pods-ChatApp_2/Pods-ChatApp_2-frameworks-${CONFIGURATION}-input-files.xcfilelist",
			);
			name = "[CP] Embed Pods Frameworks";
			outputFileListPaths = (
				"${PODS_ROOT}/Target Support Files/Pods-ChatApp_2/Pods-ChatApp_2-frameworks-${CONFIGURATION}-output-files.xcfilelist",
			);
			runOnlyForDeploymentPostprocessing = 0;
			shellPath = /bin/sh;
			shellScript = "\"${PODS_ROOT}/Target Support Files/Pods-ChatApp_2/Pods-ChatApp_2-frameworks.sh\"\n";
			showEnvVarsInLog = 0;
		};
		93E1BAFBBBB303EF10315570 /* [CP] Check Pods Manifest.lock */ = {
			isa = PBXShellScriptBuildPhase;
			buildActionMask = 2147483647;
			files = (
			);
			inputFileListPaths = (
			);
			inputPaths = (
				"${PODS_PODFILE_DIR_PATH}/Podfile.lock",
				"${PODS_ROOT}/Manifest.lock",
			);
			name = "[CP] Check Pods Manifest.lock";
			outputFileListPaths = (
			);
			outputPaths = (
				"$(DERIVED_FILE_DIR)/Pods-ChatApp_2-checkManifestLockResult.txt",
			);
			runOnlyForDeploymentPostprocessing = 0;
			shellPath = /bin/sh;
			shellScript = "diff \"${PODS_PODFILE_DIR_PATH}/Podfile.lock\" \"${PODS_ROOT}/Manifest.lock\" > /dev/null\nif [ $? != 0 ] ; then\n    # print error to STDERR\n    echo \"error: The sandbox is not in sync with the Podfile.lock. Run 'pod install' or update your CocoaPods installation.\" >&2\n    exit 1\nfi\n# This output is used by Xcode 'outputs' to avoid re-running this script phase.\necho \"SUCCESS\" > \"${SCRIPT_OUTPUT_FILE_0}\"\n";
			showEnvVarsInLog = 0;
		};
/* End PBXShellScriptBuildPhase section */

/* Begin PBXSourcesBuildPhase section */
		738EBCD724A75A1F006B56F5 /* Sources */ = {
			isa = PBXSourcesBuildPhase;
			buildActionMask = 2147483647;
			files = (
				738EBCFA24A79692006B56F5 /* LoginViewController.swift in Sources */,
				738EBCE324A75A1F006B56F5 /* ViewController.swift in Sources */,
				738EBCDF24A75A1F006B56F5 /* AppDelegate.swift in Sources */,
				738EBCE124A75A1F006B56F5 /* SceneDelegate.swift in Sources */,
				738EBCF824A795B4006B56F5 /* ChatViewController.swift in Sources */,
				738EBCF624A7733A006B56F5 /* RegisterViewController.swift in Sources */,
			);
			runOnlyForDeploymentPostprocessing = 0;
		};
/* End PBXSourcesBuildPhase section */

/* Begin PBXVariantGroup section */
		738EBCE424A75A1F006B56F5 /* Main.storyboard */ = {
			isa = PBXVariantGroup;
			children = (
				738EBCE524A75A1F006B56F5 /* Base */,
			);
			name = Main.storyboard;
			sourceTree = "<group>";
		};
		738EBCE924A75A22006B56F5 /* LaunchScreen.storyboard */ = {
			isa = PBXVariantGroup;
			children = (
				738EBCEA24A75A22006B56F5 /* Base */,
			);
			name = LaunchScreen.storyboard;
			sourceTree = "<group>";
		};
/* End PBXVariantGroup section */

/* Begin XCBuildConfiguration section */
		738EBCED24A75A22006B56F5 /* Debug */ = {
			isa = XCBuildConfiguration;
			buildSettings = {
				ALWAYS_SEARCH_USER_PATHS = NO;
				CLANG_ANALYZER_NONNULL = YES;
				CLANG_ANALYZER_NUMBER_OBJECT_CONVERSION = YES_AGGRESSIVE;
				CLANG_CXX_LANGUAGE_STANDARD = "gnu++14";
				CLANG_CXX_LIBRARY = "libc++";
				CLANG_ENABLE_MODULES = YES;
				CLANG_ENABLE_OBJC_ARC = YES;
				CLANG_ENABLE_OBJC_WEAK = YES;
				CLANG_WARN_BLOCK_CAPTURE_AUTORELEASING = YES;
				CLANG_WARN_BOOL_CONVERSION = YES;
				CLANG_WARN_COMMA = YES;
				CLANG_WARN_CONSTANT_CONVERSION = YES;
				CLANG_WARN_DEPRECATED_OBJC_IMPLEMENTATIONS = YES;
				CLANG_WARN_DIRECT_OBJC_ISA_USAGE = YES_ERROR;
				CLANG_WARN_DOCUMENTATION_COMMENTS = YES;
				CLANG_WARN_EMPTY_BODY = YES;
				CLANG_WARN_ENUM_CONVERSION = YES;
				CLANG_WARN_INFINITE_RECURSION = YES;
				CLANG_WARN_INT_CONVERSION = YES;
				CLANG_WARN_NON_LITERAL_NULL_CONVERSION = YES;
				CLANG_WARN_OBJC_IMPLICIT_RETAIN_SELF = YES;
				CLANG_WARN_OBJC_LITERAL_CONVERSION = YES;
				CLANG_WARN_OBJC_ROOT_CLASS = YES_ERROR;
				CLANG_WARN_RANGE_LOOP_ANALYSIS = YES;
				CLANG_WARN_STRICT_PROTOTYPES = YES;
				CLANG_WARN_SUSPICIOUS_MOVE = YES;
				CLANG_WARN_UNGUARDED_AVAILABILITY = YES_AGGRESSIVE;
				CLANG_WARN_UNREACHABLE_CODE = YES;
				CLANG_WARN__DUPLICATE_METHOD_MATCH = YES;
				COPY_PHASE_STRIP = NO;
				DEBUG_INFORMATION_FORMAT = dwarf;
				ENABLE_STRICT_OBJC_MSGSEND = YES;
				ENABLE_TESTABILITY = YES;
				GCC_C_LANGUAGE_STANDARD = gnu11;
				GCC_DYNAMIC_NO_PIC = NO;
				GCC_NO_COMMON_BLOCKS = YES;
				GCC_OPTIMIZATION_LEVEL = 0;
				GCC_PREPROCESSOR_DEFINITIONS = (
					"DEBUG=1",
					"$(inherited)",
				);
				GCC_WARN_64_TO_32_BIT_CONVERSION = YES;
				GCC_WARN_ABOUT_RETURN_TYPE = YES_ERROR;
				GCC_WARN_UNDECLARED_SELECTOR = YES;
				GCC_WARN_UNINITIALIZED_AUTOS = YES_AGGRESSIVE;
				GCC_WARN_UNUSED_FUNCTION = YES;
				GCC_WARN_UNUSED_VARIABLE = YES;
				IPHONEOS_DEPLOYMENT_TARGET = 13.5;
				MTL_ENABLE_DEBUG_INFO = INCLUDE_SOURCE;
				MTL_FAST_MATH = YES;
				ONLY_ACTIVE_ARCH = YES;
				SDKROOT = iphoneos;
				SWIFT_ACTIVE_COMPILATION_CONDITIONS = DEBUG;
				SWIFT_OPTIMIZATION_LEVEL = "-Onone";
			};
			name = Debug;
		};
		738EBCEE24A75A22006B56F5 /* Release */ = {
			isa = XCBuildConfiguration;
			buildSettings = {
				ALWAYS_SEARCH_USER_PATHS = NO;
				CLANG_ANALYZER_NONNULL = YES;
				CLANG_ANALYZER_NUMBER_OBJECT_CONVERSION = YES_AGGRESSIVE;
				CLANG_CXX_LANGUAGE_STANDARD = "gnu++14";
				CLANG_CXX_LIBRARY = "libc++";
				CLANG_ENABLE_MODULES = YES;
				CLANG_ENABLE_OBJC_ARC = YES;
				CLANG_ENABLE_OBJC_WEAK = YES;
				CLANG_WARN_BLOCK_CAPTURE_AUTORELEASING = YES;
				CLANG_WARN_BOOL_CONVERSION = YES;
				CLANG_WARN_COMMA = YES;
				CLANG_WARN_CONSTANT_CONVERSION = YES;
				CLANG_WARN_DEPRECATED_OBJC_IMPLEMENTATIONS = YES;
				CLANG_WARN_DIRECT_OBJC_ISA_USAGE = YES_ERROR;
				CLANG_WARN_DOCUMENTATION_COMMENTS = YES;
				CLANG_WARN_EMPTY_BODY = YES;
				CLANG_WARN_ENUM_CONVERSION = YES;
				CLANG_WARN_INFINITE_RECURSION = YES;
				CLANG_WARN_INT_CONVERSION = YES;
				CLANG_WARN_NON_LITERAL_NULL_CONVERSION = YES;
				CLANG_WARN_OBJC_IMPLICIT_RETAIN_SELF = YES;
				CLANG_WARN_OBJC_LITERAL_CONVERSION = YES;
				CLANG_WARN_OBJC_ROOT_CLASS = YES_ERROR;
				CLANG_WARN_RANGE_LOOP_ANALYSIS = YES;
				CLANG_WARN_STRICT_PROTOTYPES = YES;
				CLANG_WARN_SUSPICIOUS_MOVE = YES;
				CLANG_WARN_UNGUARDED_AVAILABILITY = YES_AGGRESSIVE;
				CLANG_WARN_UNREACHABLE_CODE = YES;
				CLANG_WARN__DUPLICATE_METHOD_MATCH = YES;
				COPY_PHASE_STRIP = NO;
				DEBUG_INFORMATION_FORMAT = "dwarf-with-dsym";
				ENABLE_NS_ASSERTIONS = NO;
				ENABLE_STRICT_OBJC_MSGSEND = YES;
				GCC_C_LANGUAGE_STANDARD = gnu11;
				GCC_NO_COMMON_BLOCKS = YES;
				GCC_WARN_64_TO_32_BIT_CONVERSION = YES;
				GCC_WARN_ABOUT_RETURN_TYPE = YES_ERROR;
				GCC_WARN_UNDECLARED_SELECTOR = YES;
				GCC_WARN_UNINITIALIZED_AUTOS = YES_AGGRESSIVE;
				GCC_WARN_UNUSED_FUNCTION = YES;
				GCC_WARN_UNUSED_VARIABLE = YES;
				IPHONEOS_DEPLOYMENT_TARGET = 13.5;
				MTL_ENABLE_DEBUG_INFO = NO;
				MTL_FAST_MATH = YES;
				SDKROOT = iphoneos;
				SWIFT_COMPILATION_MODE = wholemodule;
				SWIFT_OPTIMIZATION_LEVEL = "-O";
				VALIDATE_PRODUCT = YES;
			};
			name = Release;
		};
		738EBCF024A75A22006B56F5 /* Debug */ = {
			isa = XCBuildConfiguration;
			baseConfigurationReference = 1F854B49DF02AC5FED20AD5A /* Pods-ChatApp_2.debug.xcconfig */;
			buildSettings = {
				ASSETCATALOG_COMPILER_APPICON_NAME = AppIcon;
				CODE_SIGN_STYLE = Automatic;
				INFOPLIST_FILE = ChatApp_2/Info.plist;
				LD_RUNPATH_SEARCH_PATHS = (
					"$(inherited)",
					"@executable_path/Frameworks",
				);
				PRODUCT_BUNDLE_IDENTIFIER = "com.eishunudemiy.ChatApp-2";
				PRODUCT_NAME = "$(TARGET_NAME)";
				SWIFT_VERSION = 5.0;
				TARGETED_DEVICE_FAMILY = 1;
			};
			name = Debug;
		};
		738EBCF124A75A22006B56F5 /* Release */ = {
			isa = XCBuildConfiguration;
			baseConfigurationReference = ABF54F97DA8307CBBFA24DBA /* Pods-ChatApp_2.release.xcconfig */;
			buildSettings = {
				ASSETCATALOG_COMPILER_APPICON_NAME = AppIcon;
				CODE_SIGN_STYLE = Automatic;
				INFOPLIST_FILE = ChatApp_2/Info.plist;
				LD_RUNPATH_SEARCH_PATHS = (
					"$(inherited)",
					"@executable_path/Frameworks",
				);
				PRODUCT_BUNDLE_IDENTIFIER = "com.eishunudemiy.ChatApp-2";
				PRODUCT_NAME = "$(TARGET_NAME)";
				SWIFT_VERSION = 5.0;
				TARGETED_DEVICE_FAMILY = 1;
			};
			name = Release;
		};
/* End XCBuildConfiguration section */

/* Begin XCConfigurationList section */
		738EBCD624A75A1F006B56F5 /* Build configuration list for PBXProject "ChatApp_2" */ = {
			isa = XCConfigurationList;
			buildConfigurations = (
				738EBCED24A75A22006B56F5 /* Debug */,
				738EBCEE24A75A22006B56F5 /* Release */,
			);
			defaultConfigurationIsVisible = 0;
			defaultConfigurationName = Release;
		};
		738EBCEF24A75A22006B56F5 /* Build configuration list for PBXNativeTarget "ChatApp_2" */ = {
			isa = XCConfigurationList;
			buildConfigurations = (
				738EBCF024A75A22006B56F5 /* Debug */,
				738EBCF124A75A22006B56F5 /* Release */,
			);
			defaultConfigurationIsVisible = 0;
			defaultConfigurationName = Release;
		};
/* End XCConfigurationList section */
	};
	rootObject = 738EBCD324A75A1F006B56F5 /* Project object */;
}
